<?xml version="1.0" encoding="UTF-8" standalone="yes" ?>
<CodeBlocks_project_file>
	<FileVersion major="1" minor="6" />
	<Project>
		<Option title="aoolib" />
		<Option makefile_is_custom="1" />
		<Option execution_dir="/home/winfried/projekte/iem-aoo/lib/src/" />
		<Option pch_mode="2" />
		<Option compiler="gcc" />
		<MakeCommands>
			<Build command="$make -f $makefile $target" />
			<CompileFile command="$make -f $makefile $file" />
			<Clean command="$make -f $makefile clean" />
			<DistClean command="$make -f $makefile distclean$target" />
			<AskRebuildNeeded command="$make -q -f $makefile $target" />
			<SilentBuild command="$make -s -f $makefile $target" />
		</MakeCommands>
		<Build>
			<Target title="debug">
				<Option output="aoolib" prefix_auto="1" extension_auto="1" />
				<Option object_output="obj/Debug/" />
				<Option type="3" />
				<Option compiler="gcc" />
				<Option createDefFile="1" />
				<Option createStaticLib="1" />
				<Compiler>
					<Add option="-g" />
				</Compiler>
				<MakeCommands>
					<Build command="$make -f $makefile $target" />
					<CompileFile command="$make -f $makefile $file" />
					<Clean command="$make -f $makefile clean" />
					<DistClean command="$make -f $makefile distclean$target" />
					<AskRebuildNeeded command="$make -q -f $makefile $target" />
					<SilentBuild command="$make -s -f $makefile $target" />
				</MakeCommands>
			</Target>
			<Target title="release">
				<Option output="libaoolib" prefix_auto="1" extension_auto="1" />
				<Option object_output="obj/Release/" />
				<Option type="3" />
				<Option compiler="gcc" />
				<Option createDefFile="1" />
				<Option createStaticLib="1" />
				<Compiler>
					<Add option="-O2" />
				</Compiler>
				<Linker>
					<Add option="-s" />
				</Linker>
				<MakeCommands>
					<Build command="$make -f $makefile $target" />
					<CompileFile command="$make -f $makefile $file" />
					<Clean command="$make -f $makefile clean" />
					<DistClean command="$make -f $makefile distclean$target" />
					<AskRebuildNeeded command="$make -q -f $makefile $target" />
					<SilentBuild command="$make -s -f $makefile $target" />
				</MakeCommands>
			</Target>
		</Build>
		<Compiler>
			<Add option="-Wall" />
		</Compiler>
		<Unit filename="../CHANGELOG.txt" />
		<Unit filename="../Makefile" />
		<Unit filename="../aoo.c">
			<Option compilerVar="CC" />
		</Unit>
		<Unit filename="../aoo/aoo.h" />
		<Unit filename="../aoo/aoo_osc.h" />
		<Unit filename="../aoo/aoo_udp.h" />
		<Unit filename="../aoo_osc.c">
			<Option compilerVar="CC" />
		</Unit>
		<Unit filename="../aoo_udp.c">
			<Option compilerVar="CC" />
		</Unit>
		<Extensions>
			<envvars />
			<code_completion />
			<lib_finder disable_auto="1" />
			<debugger />
		</Extensions>
	</Project>
</CodeBlocks_project_file>
